
Microsoft Visual Studio Solution File, Format Version 12.00
# Visual Studio Version 17
VisualStudioVersion = 17.3.32922.545
MinimumVisualStudioVersion = 10.0.40219.1
Project("{888888A0-9F3D-457C-B088-3A5042F75D52}") = "rbradshaw_project1", "rbradshaw_project1\rbradshaw_project1.pyproj", "{8ED2908C-3B8C-4157-94B5-C2FD11D48E9F}"
EndProject
Global
	GlobalSection(SolutionConfigurationPlatforms) = preSolution
		Debug|Any CPU = Debug|Any CPU
		Release|Any CPU = Release|Any CPU
	EndGlobalSection
	GlobalSection(ProjectConfigurationPlatforms) = postSolution
		{8ED2908C-3B8C-4157-94B5-C2FD11D48E9F}.Debug|Any CPU.ActiveCfg = Debug|Any CPU
		{8ED2908C-3B8C-4157-94B5-C2FD11D48E9F}.Release|Any CPU.ActiveCfg = Release|Any CPU
	EndGlobalSection
	GlobalSection(SolutionProperties) = preSolution
		HideSolutionNode = FALSE
	EndGlobalSection
	GlobalSection(ExtensibilityGlobals) = postSolution
		SolutionGuid = {1B0BD1B1-C5B6-4521-8F10-F857398B64D4}
	EndGlobalSection
EndGlobal
